
Microsoft Visual Studio Solution File, Format Version 12.00
# Visual Studio 15
VisualStudioVersion = 15.0.27004.2010
MinimumVisualStudioVersion = 10.0.40219.1
Project("{FAE04EC0-301F-11D3-BF4B-00C04F79EFBC}") = "FirstWebApp", "FirstWebApp\FirstWebApp.csproj", "{04588B41-E1F1-4EE4-B499-DD8D06B95A49}"
EndProject
Global
	GlobalSection(SolutionConfigurationPlatforms) = preSolution
		Debug|Any CPU = Debug|Any CPU
		Release|Any CPU = Release|Any CPU
	EndGlobalSection
	GlobalSection(ProjectConfigurationPlatforms) = postSolution
		{04588B41-E1F1-4EE4-B499-DD8D06B95A49}.Debug|Any CPU.ActiveCfg = Debug|Any CPU
		{04588B41-E1F1-4EE4-B499-DD8D06B95A49}.Debug|Any CPU.Build.0 = Debug|Any CPU
		{04588B41-E1F1-4EE4-B499-DD8D06B95A49}.Release|Any CPU.ActiveCfg = Release|Any CPU
		{04588B41-E1F1-4EE4-B499-DD8D06B95A49}.Release|Any CPU.Build.0 = Release|Any CPU
	EndGlobalSection
	GlobalSection(SolutionProperties) = preSolution
		HideSolutionNode = FALSE
	EndGlobalSection
	GlobalSection(ExtensibilityGlobals) = postSolution
		SolutionGuid = {44A35763-B362-4825-945C-E5C7BFCB0B76}
	EndGlobalSection
EndGlobal
