
Microsoft Visual Studio Solution File, Format Version 12.00
# Visual Studio 15
VisualStudioVersion = 15.0.27004.2010
MinimumVisualStudioVersion = 10.0.40219.1
Project("{FAE04EC0-301F-11D3-BF4B-00C04F79EFBC}") = "tasks", "tasks\tasks.csproj", "{3C65BA90-4A2E-4F00-80E8-45EBD4BA2EC3}"
EndProject
Global
	GlobalSection(SolutionConfigurationPlatforms) = preSolution
		Debug|Any CPU = Debug|Any CPU
		Release|Any CPU = Release|Any CPU
	EndGlobalSection
	GlobalSection(ProjectConfigurationPlatforms) = postSolution
		{3C65BA90-4A2E-4F00-80E8-45EBD4BA2EC3}.Debug|Any CPU.ActiveCfg = Debug|Any CPU
		{3C65BA90-4A2E-4F00-80E8-45EBD4BA2EC3}.Debug|Any CPU.Build.0 = Debug|Any CPU
		{3C65BA90-4A2E-4F00-80E8-45EBD4BA2EC3}.Release|Any CPU.ActiveCfg = Release|Any CPU
		{3C65BA90-4A2E-4F00-80E8-45EBD4BA2EC3}.Release|Any CPU.Build.0 = Release|Any CPU
	EndGlobalSection
	GlobalSection(SolutionProperties) = preSolution
		HideSolutionNode = FALSE
	EndGlobalSection
	GlobalSection(ExtensibilityGlobals) = postSolution
		SolutionGuid = {718F3F2A-AB60-4973-B986-EF9B12801589}
	EndGlobalSection
EndGlobal
