
Microsoft Visual Studio Solution File, Format Version 12.00
# Visual Studio 15
VisualStudioVersion = 15.0.27004.2010
MinimumVisualStudioVersion = 10.0.40219.1
Project("{FAE04EC0-301F-11D3-BF4B-00C04F79EFBC}") = "ITIProject.Organization.Entities", "ITIProject.Organization.Entities\ITIProject.Organization.Entities.csproj", "{8E3A2BDF-93B2-4AC8-A865-7E21A8C25B34}"
EndProject
Project("{FAE04EC0-301F-11D3-BF4B-00C04F79EFBC}") = "ITIProject.Organization.Repositories", "ITIProject.Organization.Repositories\ITIProject.Organization.Repositories.csproj", "{3CD6BAE2-FC4E-48D9-8CE2-D1BE50F0F64F}"
EndProject
Project("{FAE04EC0-301F-11D3-BF4B-00C04F79EFBC}") = "ITIProject.Organization.Services", "ITIProject.Organization.Services\ITIProject.Organization.Services.csproj", "{161DD48B-099F-4E1A-A836-4A8611D040E5}"
EndProject
Project("{FAE04EC0-301F-11D3-BF4B-00C04F79EFBC}") = "ITIProject.Organization.ViewModels", "ITIProject.Organization.ViewModels\ITIProject.Organization.ViewModels.csproj", "{05C45EB9-7EB4-421C-B0C1-A44621CE46B4}"
EndProject
Project("{FAE04EC0-301F-11D3-BF4B-00C04F79EFBC}") = "ITIProject.Organization.Presentation", "ITIProject.Organization.Presentation\ITIProject.Organization.Presentation.csproj", "{F761B84A-E017-4A27-B700-0A618B8AACDC}"
EndProject
Global
	GlobalSection(SolutionConfigurationPlatforms) = preSolution
		Debug|Any CPU = Debug|Any CPU
		Release|Any CPU = Release|Any CPU
	EndGlobalSection
	GlobalSection(ProjectConfigurationPlatforms) = postSolution
		{8E3A2BDF-93B2-4AC8-A865-7E21A8C25B34}.Debug|Any CPU.ActiveCfg = Debug|Any CPU
		{8E3A2BDF-93B2-4AC8-A865-7E21A8C25B34}.Debug|Any CPU.Build.0 = Debug|Any CPU
		{8E3A2BDF-93B2-4AC8-A865-7E21A8C25B34}.Release|Any CPU.ActiveCfg = Release|Any CPU
		{8E3A2BDF-93B2-4AC8-A865-7E21A8C25B34}.Release|Any CPU.Build.0 = Release|Any CPU
		{3CD6BAE2-FC4E-48D9-8CE2-D1BE50F0F64F}.Debug|Any CPU.ActiveCfg = Debug|Any CPU
		{3CD6BAE2-FC4E-48D9-8CE2-D1BE50F0F64F}.Debug|Any CPU.Build.0 = Debug|Any CPU
		{3CD6BAE2-FC4E-48D9-8CE2-D1BE50F0F64F}.Release|Any CPU.ActiveCfg = Release|Any CPU
		{3CD6BAE2-FC4E-48D9-8CE2-D1BE50F0F64F}.Release|Any CPU.Build.0 = Release|Any CPU
		{161DD48B-099F-4E1A-A836-4A8611D040E5}.Debug|Any CPU.ActiveCfg = Debug|Any CPU
		{161DD48B-099F-4E1A-A836-4A8611D040E5}.Debug|Any CPU.Build.0 = Debug|Any CPU
		{161DD48B-099F-4E1A-A836-4A8611D040E5}.Release|Any CPU.ActiveCfg = Release|Any CPU
		{161DD48B-099F-4E1A-A836-4A8611D040E5}.Release|Any CPU.Build.0 = Release|Any CPU
		{05C45EB9-7EB4-421C-B0C1-A44621CE46B4}.Debug|Any CPU.ActiveCfg = Debug|Any CPU
		{05C45EB9-7EB4-421C-B0C1-A44621CE46B4}.Debug|Any CPU.Build.0 = Debug|Any CPU
		{05C45EB9-7EB4-421C-B0C1-A44621CE46B4}.Release|Any CPU.ActiveCfg = Release|Any CPU
		{05C45EB9-7EB4-421C-B0C1-A44621CE46B4}.Release|Any CPU.Build.0 = Release|Any CPU
		{F761B84A-E017-4A27-B700-0A618B8AACDC}.Debug|Any CPU.ActiveCfg = Debug|Any CPU
		{F761B84A-E017-4A27-B700-0A618B8AACDC}.Debug|Any CPU.Build.0 = Debug|Any CPU
		{F761B84A-E017-4A27-B700-0A618B8AACDC}.Release|Any CPU.ActiveCfg = Release|Any CPU
		{F761B84A-E017-4A27-B700-0A618B8AACDC}.Release|Any CPU.Build.0 = Release|Any CPU
	EndGlobalSection
	GlobalSection(SolutionProperties) = preSolution
		HideSolutionNode = FALSE
	EndGlobalSection
	GlobalSection(ExtensibilityGlobals) = postSolution
		SolutionGuid = {7F107622-3B9F-459B-A544-8C3B35E05F09}
	EndGlobalSection
EndGlobal
