
Microsoft Visual Studio Solution File, Format Version 12.00
# Visual Studio 15
VisualStudioVersion = 15.0.27004.2010
MinimumVisualStudioVersion = 10.0.40219.1
Project("{FAE04EC0-301F-11D3-BF4B-00C04F79EFBC}") = "linqD3", "linqD3\linqD3.csproj", "{28704B0B-9C32-4323-8245-BE9192D03AB8}"
EndProject
Global
	GlobalSection(SolutionConfigurationPlatforms) = preSolution
		Debug|Any CPU = Debug|Any CPU
		Release|Any CPU = Release|Any CPU
	EndGlobalSection
	GlobalSection(ProjectConfigurationPlatforms) = postSolution
		{28704B0B-9C32-4323-8245-BE9192D03AB8}.Debug|Any CPU.ActiveCfg = Debug|Any CPU
		{28704B0B-9C32-4323-8245-BE9192D03AB8}.Debug|Any CPU.Build.0 = Debug|Any CPU
		{28704B0B-9C32-4323-8245-BE9192D03AB8}.Release|Any CPU.ActiveCfg = Release|Any CPU
		{28704B0B-9C32-4323-8245-BE9192D03AB8}.Release|Any CPU.Build.0 = Release|Any CPU
	EndGlobalSection
	GlobalSection(SolutionProperties) = preSolution
		HideSolutionNode = FALSE
	EndGlobalSection
	GlobalSection(ExtensibilityGlobals) = postSolution
		SolutionGuid = {6E5DB64B-E098-4245-A9EB-F00B892FD937}
	EndGlobalSection
EndGlobal
