
Microsoft Visual Studio Solution File, Format Version 12.00
# Visual Studio 15
VisualStudioVersion = 15.0.27004.2010
MinimumVisualStudioVersion = 10.0.40219.1
Project("{FAE04EC0-301F-11D3-BF4B-00C04F79EFBC}") = "lab1", "lab1\lab1.csproj", "{6BFEC89C-6B03-44F4-8530-BE3D36E7755A}"
EndProject
Global
	GlobalSection(SolutionConfigurationPlatforms) = preSolution
		Debug|Any CPU = Debug|Any CPU
		Release|Any CPU = Release|Any CPU
	EndGlobalSection
	GlobalSection(ProjectConfigurationPlatforms) = postSolution
		{6BFEC89C-6B03-44F4-8530-BE3D36E7755A}.Debug|Any CPU.ActiveCfg = Debug|Any CPU
		{6BFEC89C-6B03-44F4-8530-BE3D36E7755A}.Debug|Any CPU.Build.0 = Debug|Any CPU
		{6BFEC89C-6B03-44F4-8530-BE3D36E7755A}.Release|Any CPU.ActiveCfg = Release|Any CPU
		{6BFEC89C-6B03-44F4-8530-BE3D36E7755A}.Release|Any CPU.Build.0 = Release|Any CPU
	EndGlobalSection
	GlobalSection(SolutionProperties) = preSolution
		HideSolutionNode = FALSE
	EndGlobalSection
	GlobalSection(ExtensibilityGlobals) = postSolution
		SolutionGuid = {54E36B8D-92FB-47EB-8941-7316A5318164}
	EndGlobalSection
EndGlobal
