
Microsoft Visual Studio Solution File, Format Version 12.00
# Visual Studio 15
VisualStudioVersion = 15.0.27004.2010
MinimumVisualStudioVersion = 10.0.40219.1
Project("{FAE04EC0-301F-11D3-BF4B-00C04F79EFBC}") = "rect", "rect\rect.csproj", "{C4674238-2797-4466-AC59-2F3D536A0AB9}"
EndProject
Global
	GlobalSection(SolutionConfigurationPlatforms) = preSolution
		Debug|Any CPU = Debug|Any CPU
		Release|Any CPU = Release|Any CPU
	EndGlobalSection
	GlobalSection(ProjectConfigurationPlatforms) = postSolution
		{C4674238-2797-4466-AC59-2F3D536A0AB9}.Debug|Any CPU.ActiveCfg = Debug|Any CPU
		{C4674238-2797-4466-AC59-2F3D536A0AB9}.Debug|Any CPU.Build.0 = Debug|Any CPU
		{C4674238-2797-4466-AC59-2F3D536A0AB9}.Release|Any CPU.ActiveCfg = Release|Any CPU
		{C4674238-2797-4466-AC59-2F3D536A0AB9}.Release|Any CPU.Build.0 = Release|Any CPU
	EndGlobalSection
	GlobalSection(SolutionProperties) = preSolution
		HideSolutionNode = FALSE
	EndGlobalSection
	GlobalSection(ExtensibilityGlobals) = postSolution
		SolutionGuid = {C4628097-5384-4655-8A4C-76FC3334FAAD}
	EndGlobalSection
EndGlobal
