
Microsoft Visual Studio Solution File, Format Version 12.00
# Visual Studio 15
VisualStudioVersion = 15.0.27004.2010
MinimumVisualStudioVersion = 10.0.40219.1
Project("{FAE04EC0-301F-11D3-BF4B-00C04F79EFBC}") = "newform", "newform\newform.csproj", "{E4742D6C-B528-4F6F-B339-82CD6954F653}"
EndProject
Global
	GlobalSection(SolutionConfigurationPlatforms) = preSolution
		Debug|Any CPU = Debug|Any CPU
		Release|Any CPU = Release|Any CPU
	EndGlobalSection
	GlobalSection(ProjectConfigurationPlatforms) = postSolution
		{E4742D6C-B528-4F6F-B339-82CD6954F653}.Debug|Any CPU.ActiveCfg = Debug|Any CPU
		{E4742D6C-B528-4F6F-B339-82CD6954F653}.Debug|Any CPU.Build.0 = Debug|Any CPU
		{E4742D6C-B528-4F6F-B339-82CD6954F653}.Release|Any CPU.ActiveCfg = Release|Any CPU
		{E4742D6C-B528-4F6F-B339-82CD6954F653}.Release|Any CPU.Build.0 = Release|Any CPU
	EndGlobalSection
	GlobalSection(SolutionProperties) = preSolution
		HideSolutionNode = FALSE
	EndGlobalSection
	GlobalSection(ExtensibilityGlobals) = postSolution
		SolutionGuid = {C0BBB1EF-94C5-4846-A1E8-06539066E817}
	EndGlobalSection
EndGlobal
