
Microsoft Visual Studio Solution File, Format Version 12.00
# Visual Studio 15
VisualStudioVersion = 15.0.27004.2010
MinimumVisualStudioVersion = 10.0.40219.1
Project("{FAE04EC0-301F-11D3-BF4B-00C04F79EFBC}") = "stepbystep", "stepbystep\stepbystep.csproj", "{E11F9D2F-0BB6-416A-8614-82C77BE8A147}"
EndProject
Global
	GlobalSection(SolutionConfigurationPlatforms) = preSolution
		Debug|Any CPU = Debug|Any CPU
		Release|Any CPU = Release|Any CPU
	EndGlobalSection
	GlobalSection(ProjectConfigurationPlatforms) = postSolution
		{E11F9D2F-0BB6-416A-8614-82C77BE8A147}.Debug|Any CPU.ActiveCfg = Debug|Any CPU
		{E11F9D2F-0BB6-416A-8614-82C77BE8A147}.Debug|Any CPU.Build.0 = Debug|Any CPU
		{E11F9D2F-0BB6-416A-8614-82C77BE8A147}.Release|Any CPU.ActiveCfg = Release|Any CPU
		{E11F9D2F-0BB6-416A-8614-82C77BE8A147}.Release|Any CPU.Build.0 = Release|Any CPU
	EndGlobalSection
	GlobalSection(SolutionProperties) = preSolution
		HideSolutionNode = FALSE
	EndGlobalSection
	GlobalSection(ExtensibilityGlobals) = postSolution
		SolutionGuid = {123B80F3-9E4C-468A-A462-CF9563CF2536}
	EndGlobalSection
EndGlobal
